
Microsoft Visual Studio Solution File, Format Version 12.00
# Visual Studio Version 16
VisualStudioVersion = 16.0.29613.14
MinimumVisualStudioVersion = 10.0.40219.1
Project("{FAE04EC0-301F-11D3-BF4B-00C04F79EFBC}") = "TrainingLoggerApi", "TrainingLoggerApi\TrainingLoggerApi.csproj", "{88664787-6EC0-4884-8294-E51563F9BFF9}"
EndProject
Project("{FAE04EC0-301F-11D3-BF4B-00C04F79EFBC}") = "TrainingLoggerSharedLibrary", "TrainingLoggerSharedLibrary\TrainingLoggerSharedLibrary.csproj", "{12F68A0F-955F-4AEF-A849-53285FFCE57D}"
EndProject
Project("{00D1A9C2-B5F0-4AF3-8072-F6C62B433612}") = "TrainingLoggerDb", "TrainingLoggerDb\TrainingLoggerDb.sqlproj", "{98BFEA9A-BCAF-45B2-BF7D-684D0777D755}"
EndProject
Global
	GlobalSection(SolutionConfigurationPlatforms) = preSolution
		Debug|Any CPU = Debug|Any CPU
		Release|Any CPU = Release|Any CPU
	EndGlobalSection
	GlobalSection(ProjectConfigurationPlatforms) = postSolution
		{88664787-6EC0-4884-8294-E51563F9BFF9}.Debug|Any CPU.ActiveCfg = Debug|Any CPU
		{88664787-6EC0-4884-8294-E51563F9BFF9}.Debug|Any CPU.Build.0 = Debug|Any CPU
		{88664787-6EC0-4884-8294-E51563F9BFF9}.Release|Any CPU.ActiveCfg = Release|Any CPU
		{88664787-6EC0-4884-8294-E51563F9BFF9}.Release|Any CPU.Build.0 = Release|Any CPU
		{12F68A0F-955F-4AEF-A849-53285FFCE57D}.Debug|Any CPU.ActiveCfg = Debug|Any CPU
		{12F68A0F-955F-4AEF-A849-53285FFCE57D}.Debug|Any CPU.Build.0 = Debug|Any CPU
		{12F68A0F-955F-4AEF-A849-53285FFCE57D}.Release|Any CPU.ActiveCfg = Release|Any CPU
		{12F68A0F-955F-4AEF-A849-53285FFCE57D}.Release|Any CPU.Build.0 = Release|Any CPU
		{98BFEA9A-BCAF-45B2-BF7D-684D0777D755}.Debug|Any CPU.ActiveCfg = Debug|Any CPU
		{98BFEA9A-BCAF-45B2-BF7D-684D0777D755}.Debug|Any CPU.Build.0 = Debug|Any CPU
		{98BFEA9A-BCAF-45B2-BF7D-684D0777D755}.Debug|Any CPU.Deploy.0 = Debug|Any CPU
		{98BFEA9A-BCAF-45B2-BF7D-684D0777D755}.Release|Any CPU.ActiveCfg = Release|Any CPU
		{98BFEA9A-BCAF-45B2-BF7D-684D0777D755}.Release|Any CPU.Build.0 = Release|Any CPU
		{98BFEA9A-BCAF-45B2-BF7D-684D0777D755}.Release|Any CPU.Deploy.0 = Release|Any CPU
	EndGlobalSection
	GlobalSection(SolutionProperties) = preSolution
		HideSolutionNode = FALSE
	EndGlobalSection
	GlobalSection(ExtensibilityGlobals) = postSolution
		SolutionGuid = {EB3928C1-C0F4-4FCF-89D9-D2816DDDB8F2}
	EndGlobalSection
EndGlobal
